// !$*UTF8*$!
{
	archiveVersion = 1;
	classes = {
	};
	objectVersion = 46;
	objects = {

/* Begin PBXBuildFile section */
		15723EED2058330F00866455 /* RegistrationViewController.swift in Sources */ = {isa = PBXBuildFile; fileRef = 15723EEC2058330F00866455 /* RegistrationViewController.swift */; };
		15723EF520583BDC00866455 /* AgendaViewController.swift in Sources */ = {isa = PBXBuildFile; fileRef = 15723EF420583BDC00866455 /* AgendaViewController.swift */; };
		15FE14652062C3C90094785B /* TreatmentTableViewController.swift in Sources */ = {isa = PBXBuildFile; fileRef = 15FE14642062C3C90094785B /* TreatmentTableViewController.swift */; };
		75ACAF07206EBAA000E613FF /* TreatmentNotification.swift in Sources */ = {isa = PBXBuildFile; fileRef = 75ACAF06206EBA9F00E613FF /* TreatmentNotification.swift */; };
		75ACAF09206EDFF300E613FF /* Notification.swift in Sources */ = {isa = PBXBuildFile; fileRef = 75ACAF08206EDFF300E613FF /* Notification.swift */; };
		847C756B2062A3F100038449 /* PractitionerTableViewCell.swift in Sources */ = {isa = PBXBuildFile; fileRef = 847C756A2062A3F100038449 /* PractitionerTableViewCell.swift */; };
		847C756D2062A40C00038449 /* PractitionerTableViewController.swift in Sources */ = {isa = PBXBuildFile; fileRef = 847C756C2062A40C00038449 /* PractitionerTableViewController.swift */; };
		BC7B263E205E990E009BFE67 /* ProfileViewController.swift in Sources */ = {isa = PBXBuildFile; fileRef = BC7B263D205E990E009BFE67 /* ProfileViewController.swift */; };
		E016041F206104E100E6EB08 /* PractitionerDAO.swift in Sources */ = {isa = PBXBuildFile; fileRef = E016041E206104E100E6EB08 /* PractitionerDAO.swift */; };
		E01604212061050900E6EB08 /* DAO.swift in Sources */ = {isa = PBXBuildFile; fileRef = E01604202061050900E6EB08 /* DAO.swift */; };
		E0160423206108E600E6EB08 /* AbstractDAOFactory.swift in Sources */ = {isa = PBXBuildFile; fileRef = E0160422206108E600E6EB08 /* AbstractDAOFactory.swift */; };
		E0160426206109A300E6EB08 /* CoreDataDAOFactory.swift in Sources */ = {isa = PBXBuildFile; fileRef = E0160425206109A300E6EB08 /* CoreDataDAOFactory.swift */; };
		E016042820610A0100E6EB08 /* CDPractitionerDAO.swift in Sources */ = {isa = PBXBuildFile; fileRef = E016042720610A0100E6EB08 /* CDPractitionerDAO.swift */; };
		E016042C2061101300E6EB08 /* CDDAO.swift in Sources */ = {isa = PBXBuildFile; fileRef = E016042B2061101300E6EB08 /* CDDAO.swift */; };
		E02535DA2064F32200A480EF /* ProgramTableViewController.swift in Sources */ = {isa = PBXBuildFile; fileRef = E02535D92064F32200A480EF /* ProgramTableViewController.swift */; };
		E02535DC2064F32C00A480EF /* ExerciseDoneTableViewController.swift in Sources */ = {isa = PBXBuildFile; fileRef = E02535DB2064F32C00A480EF /* ExerciseDoneTableViewController.swift */; };
		E02535DE2064F33700A480EF /* ProgramTableViewCell.swift in Sources */ = {isa = PBXBuildFile; fileRef = E02535DD2064F33700A480EF /* ProgramTableViewCell.swift */; };
		E02535E02064F34600A480EF /* ExerciseDoneTableViewCell.swift in Sources */ = {isa = PBXBuildFile; fileRef = E02535DF2064F34600A480EF /* ExerciseDoneTableViewCell.swift */; };
		E032EE9A2064EF2700BDB87E /* AddExerciseDoneController.swift in Sources */ = {isa = PBXBuildFile; fileRef = E032EE992064EF2700BDB87E /* AddExerciseDoneController.swift */; };
		E032EE9C2064EF3200BDB87E /* AddProgramController.swift in Sources */ = {isa = PBXBuildFile; fileRef = E032EE9B2064EF3200BDB87E /* AddProgramController.swift */; };
		E03D39C92059540300C33AF8 /* ExerciseViewController.swift in Sources */ = {isa = PBXBuildFile; fileRef = E03D39C82059540300C33AF8 /* ExerciseViewController.swift */; };
		E0788763205BC4B100F9E499 /* CoreDateConnection.swift in Sources */ = {isa = PBXBuildFile; fileRef = E0788762205BC4B100F9E499 /* CoreDateConnection.swift */; };
		E08151FA2061178000A98DF6 /* SpecialismDAO.swift in Sources */ = {isa = PBXBuildFile; fileRef = E08151F92061178000A98DF6 /* SpecialismDAO.swift */; };
		E08151FC206117F200A98DF6 /* CDSpecialismDAO.swift in Sources */ = {isa = PBXBuildFile; fileRef = E08151FB206117F200A98DF6 /* CDSpecialismDAO.swift */; };
		E08151FE20611AB300A98DF6 /* Seeder.swift in Sources */ = {isa = PBXBuildFile; fileRef = E08151FD20611AB300A98DF6 /* Seeder.swift */; };
		E096031D206027B900E4F5C4 /* AddMeetingController.swift in Sources */ = {isa = PBXBuildFile; fileRef = E096031C206027B900E4F5C4 /* AddMeetingController.swift */; };
		E096031F20603FDE00E4F5C4 /* PatientDAO.swift in Sources */ = {isa = PBXBuildFile; fileRef = E096031E20603FDE00E4F5C4 /* PatientDAO.swift */; };
		E09603222060441500E4F5C4 /* AlertHelper.swift in Sources */ = {isa = PBXBuildFile; fileRef = E09603212060441500E4F5C4 /* AlertHelper.swift */; };
		E09EACE22062C139008A6B01 /* ExerciseDAO.swift in Sources */ = {isa = PBXBuildFile; fileRef = E09EACE12062C139008A6B01 /* ExerciseDAO.swift */; };
		E09EACE42062C1AD008A6B01 /* CDExerciseDAO.swift in Sources */ = {isa = PBXBuildFile; fileRef = E09EACE32062C1AD008A6B01 /* CDExerciseDAO.swift */; };
		E09EACE62062C449008A6B01 /* AppointmentDAO.swift in Sources */ = {isa = PBXBuildFile; fileRef = E09EACE52062C449008A6B01 /* AppointmentDAO.swift */; };
		E09EACE82062C57A008A6B01 /* CDAppointmentDAO.swift in Sources */ = {isa = PBXBuildFile; fileRef = E09EACE72062C57A008A6B01 /* CDAppointmentDAO.swift */; };
		E0A6AC9720629C8900CC45E0 /* PractitionerViewController.swift in Sources */ = {isa = PBXBuildFile; fileRef = E0A6AC9620629C8900CC45E0 /* PractitionerViewController.swift */; };
		E0B02CB8205920B500841B32 /* TreatmentTableViewCell.swift in Sources */ = {isa = PBXBuildFile; fileRef = E0B02CB7205920B500841B32 /* TreatmentTableViewCell.swift */; };
		E0B0F1F62063F4A100A22BC7 /* TodoTodayTableViewCell.swift in Sources */ = {isa = PBXBuildFile; fileRef = E0B0F1F52063F4A100A22BC7 /* TodoTodayTableViewCell.swift */; };
		E0B0F1F82063F4DE00A22BC7 /* TodoLaterTableViewCell.swift in Sources */ = {isa = PBXBuildFile; fileRef = E0B0F1F72063F4DE00A22BC7 /* TodoLaterTableViewCell.swift */; };
		E0B0F1FA2063F53100A22BC7 /* TodoTodayTableViewController.swift in Sources */ = {isa = PBXBuildFile; fileRef = E0B0F1F92063F53100A22BC7 /* TodoTodayTableViewController.swift */; };
		E0B0F1FC2063F56700A22BC7 /* TodoLaterTableViewController.swift in Sources */ = {isa = PBXBuildFile; fileRef = E0B0F1FB2063F56700A22BC7 /* TodoLaterTableViewController.swift */; };
		E0D819F0206A3C9F00C70AEF /* AddTreatmentViewController.swift in Sources */ = {isa = PBXBuildFile; fileRef = E0D819EF206A3C9F00C70AEF /* AddTreatmentViewController.swift */; };
		E0D99C0C2061203200CF2508 /* AddPractitionerViewController.swift in Sources */ = {isa = PBXBuildFile; fileRef = E0D99C0B2061203200CF2508 /* AddPractitionerViewController.swift */; };
		E0FCAE90203EF9A300F04470 /* AppDelegate.swift in Sources */ = {isa = PBXBuildFile; fileRef = E0FCAE8F203EF9A300F04470 /* AppDelegate.swift */; };
		E0FCAE95203EF9A300F04470 /* Main.storyboard in Resources */ = {isa = PBXBuildFile; fileRef = E0FCAE93203EF9A300F04470 /* Main.storyboard */; };
		E0FCAE98203EF9A300F04470 /* MonPkEtMoi.xcdatamodeld in Sources */ = {isa = PBXBuildFile; fileRef = E0FCAE96203EF9A300F04470 /* MonPkEtMoi.xcdatamodeld */; };
		E0FCAE9A203EF9A300F04470 /* Assets.xcassets in Resources */ = {isa = PBXBuildFile; fileRef = E0FCAE99203EF9A300F04470 /* Assets.xcassets */; };
		E0FCAE9D203EF9A300F04470 /* LaunchScreen.storyboard in Resources */ = {isa = PBXBuildFile; fileRef = E0FCAE9B203EF9A300F04470 /* LaunchScreen.storyboard */; };
		E0FCAEA8203EF9A300F04470 /* MonPkEtMoiTests.swift in Sources */ = {isa = PBXBuildFile; fileRef = E0FCAEA7203EF9A300F04470 /* MonPkEtMoiTests.swift */; };
		E0FCAEB3203EF9A300F04470 /* MonPkEtMoiUITests.swift in Sources */ = {isa = PBXBuildFile; fileRef = E0FCAEB2203EF9A300F04470 /* MonPkEtMoiUITests.swift */; };
		E0FCAEC3203F291600F04470 /* TreatmentViewController.swift in Sources */ = {isa = PBXBuildFile; fileRef = E0FCAEC2203F291600F04470 /* TreatmentViewController.swift */; };
		F3093CAE206457350010ED39 /* GraphicalCharter.swift in Sources */ = {isa = PBXBuildFile; fileRef = F3093CAD206457350010ED39 /* GraphicalCharter.swift */; };
		F3093CB02065AAFF0010ED39 /* TreatmentDAO.swift in Sources */ = {isa = PBXBuildFile; fileRef = F3093CAF2065AAFF0010ED39 /* TreatmentDAO.swift */; };
		F3093CB22065AB860010ED39 /* CDTreatmentDAO.swift in Sources */ = {isa = PBXBuildFile; fileRef = F3093CB12065AB860010ED39 /* CDTreatmentDAO.swift */; };
		F3093CB42065ADE20010ED39 /* DateHelper.swift in Sources */ = {isa = PBXBuildFile; fileRef = F3093CB32065ADE20010ED39 /* DateHelper.swift */; };
		F3F07C5B205D3CBA0089DC4D /* CDPatientDAO.swift in Sources */ = {isa = PBXBuildFile; fileRef = F3F07C5A205D3CBA0089DC4D /* CDPatientDAO.swift */; };
/* End PBXBuildFile section */

/* Begin PBXContainerItemProxy section */
		E0FCAEA4203EF9A300F04470 /* PBXContainerItemProxy */ = {
			isa = PBXContainerItemProxy;
			containerPortal = E0FCAE84203EF9A300F04470 /* Project object */;
			proxyType = 1;
			remoteGlobalIDString = E0FCAE8B203EF9A300F04470;
			remoteInfo = MonPkEtMoi;
		};
		E0FCAEAF203EF9A300F04470 /* PBXContainerItemProxy */ = {
			isa = PBXContainerItemProxy;
			containerPortal = E0FCAE84203EF9A300F04470 /* Project object */;
			proxyType = 1;
			remoteGlobalIDString = E0FCAE8B203EF9A300F04470;
			remoteInfo = MonPkEtMoi;
		};
/* End PBXContainerItemProxy section */

/* Begin PBXFileReference section */
		15723EEC2058330F00866455 /* RegistrationViewController.swift */ = {isa = PBXFileReference; fileEncoding = 4; lastKnownFileType = sourcecode.swift; path = RegistrationViewController.swift; sourceTree = "<group>"; };
		15723EF420583BDC00866455 /* AgendaViewController.swift */ = {isa = PBXFileReference; fileEncoding = 4; lastKnownFileType = sourcecode.swift; path = AgendaViewController.swift; sourceTree = "<group>"; };
		15FE14642062C3C90094785B /* TreatmentTableViewController.swift */ = {isa = PBXFileReference; fileEncoding = 4; lastKnownFileType = sourcecode.swift; path = TreatmentTableViewController.swift; sourceTree = "<group>"; };
		75ACAF06206EBA9F00E613FF /* TreatmentNotification.swift */ = {isa = PBXFileReference; lastKnownFileType = sourcecode.swift; path = TreatmentNotification.swift; sourceTree = "<group>"; };
		75ACAF08206EDFF300E613FF /* Notification.swift */ = {isa = PBXFileReference; lastKnownFileType = sourcecode.swift; path = Notification.swift; sourceTree = "<group>"; };
		847C756A2062A3F100038449 /* PractitionerTableViewCell.swift */ = {isa = PBXFileReference; fileEncoding = 4; lastKnownFileType = sourcecode.swift; path = PractitionerTableViewCell.swift; sourceTree = "<group>"; };
		847C756C2062A40C00038449 /* PractitionerTableViewController.swift */ = {isa = PBXFileReference; fileEncoding = 4; lastKnownFileType = sourcecode.swift; path = PractitionerTableViewController.swift; sourceTree = "<group>"; };
		BC7B263D205E990E009BFE67 /* ProfileViewController.swift */ = {isa = PBXFileReference; fileEncoding = 4; lastKnownFileType = sourcecode.swift; path = ProfileViewController.swift; sourceTree = "<group>"; };
		E016041E206104E100E6EB08 /* PractitionerDAO.swift */ = {isa = PBXFileReference; fileEncoding = 4; lastKnownFileType = sourcecode.swift; path = PractitionerDAO.swift; sourceTree = "<group>"; };
		E01604202061050900E6EB08 /* DAO.swift */ = {isa = PBXFileReference; fileEncoding = 4; lastKnownFileType = sourcecode.swift; path = DAO.swift; sourceTree = "<group>"; };
		E0160422206108E600E6EB08 /* AbstractDAOFactory.swift */ = {isa = PBXFileReference; fileEncoding = 4; lastKnownFileType = sourcecode.swift; path = AbstractDAOFactory.swift; sourceTree = "<group>"; };
		E0160425206109A300E6EB08 /* CoreDataDAOFactory.swift */ = {isa = PBXFileReference; fileEncoding = 4; lastKnownFileType = sourcecode.swift; path = CoreDataDAOFactory.swift; sourceTree = "<group>"; };
		E016042720610A0100E6EB08 /* CDPractitionerDAO.swift */ = {isa = PBXFileReference; fileEncoding = 4; lastKnownFileType = sourcecode.swift; path = CDPractitionerDAO.swift; sourceTree = "<group>"; };
		E016042B2061101300E6EB08 /* CDDAO.swift */ = {isa = PBXFileReference; fileEncoding = 4; lastKnownFileType = sourcecode.swift; path = CDDAO.swift; sourceTree = "<group>"; };
		E02535D92064F32200A480EF /* ProgramTableViewController.swift */ = {isa = PBXFileReference; fileEncoding = 4; lastKnownFileType = sourcecode.swift; path = ProgramTableViewController.swift; sourceTree = "<group>"; };
		E02535DB2064F32C00A480EF /* ExerciseDoneTableViewController.swift */ = {isa = PBXFileReference; fileEncoding = 4; lastKnownFileType = sourcecode.swift; path = ExerciseDoneTableViewController.swift; sourceTree = "<group>"; };
		E02535DD2064F33700A480EF /* ProgramTableViewCell.swift */ = {isa = PBXFileReference; fileEncoding = 4; lastKnownFileType = sourcecode.swift; path = ProgramTableViewCell.swift; sourceTree = "<group>"; };
		E02535DF2064F34600A480EF /* ExerciseDoneTableViewCell.swift */ = {isa = PBXFileReference; fileEncoding = 4; lastKnownFileType = sourcecode.swift; path = ExerciseDoneTableViewCell.swift; sourceTree = "<group>"; };
		E032EE992064EF2700BDB87E /* AddExerciseDoneController.swift */ = {isa = PBXFileReference; fileEncoding = 4; lastKnownFileType = sourcecode.swift; path = AddExerciseDoneController.swift; sourceTree = "<group>"; };
		E032EE9B2064EF3200BDB87E /* AddProgramController.swift */ = {isa = PBXFileReference; fileEncoding = 4; lastKnownFileType = sourcecode.swift; path = AddProgramController.swift; sourceTree = "<group>"; };
		E03D39C82059540300C33AF8 /* ExerciseViewController.swift */ = {isa = PBXFileReference; fileEncoding = 4; lastKnownFileType = sourcecode.swift; path = ExerciseViewController.swift; sourceTree = "<group>"; };
		E0788762205BC4B100F9E499 /* CoreDateConnection.swift */ = {isa = PBXFileReference; fileEncoding = 4; lastKnownFileType = sourcecode.swift; path = CoreDateConnection.swift; sourceTree = "<group>"; };
		E08151F92061178000A98DF6 /* SpecialismDAO.swift */ = {isa = PBXFileReference; fileEncoding = 4; lastKnownFileType = sourcecode.swift; path = SpecialismDAO.swift; sourceTree = "<group>"; };
		E08151FB206117F200A98DF6 /* CDSpecialismDAO.swift */ = {isa = PBXFileReference; fileEncoding = 4; lastKnownFileType = sourcecode.swift; path = CDSpecialismDAO.swift; sourceTree = "<group>"; };
		E08151FD20611AB300A98DF6 /* Seeder.swift */ = {isa = PBXFileReference; fileEncoding = 4; lastKnownFileType = sourcecode.swift; path = Seeder.swift; sourceTree = "<group>"; };
		E096031C206027B900E4F5C4 /* AddMeetingController.swift */ = {isa = PBXFileReference; fileEncoding = 4; lastKnownFileType = sourcecode.swift; path = AddMeetingController.swift; sourceTree = "<group>"; };
		E096031E20603FDE00E4F5C4 /* PatientDAO.swift */ = {isa = PBXFileReference; fileEncoding = 4; lastKnownFileType = sourcecode.swift; path = PatientDAO.swift; sourceTree = "<group>"; };
		E09603212060441500E4F5C4 /* AlertHelper.swift */ = {isa = PBXFileReference; fileEncoding = 4; lastKnownFileType = sourcecode.swift; path = AlertHelper.swift; sourceTree = "<group>"; };
		E09EACE12062C139008A6B01 /* ExerciseDAO.swift */ = {isa = PBXFileReference; fileEncoding = 4; lastKnownFileType = sourcecode.swift; path = ExerciseDAO.swift; sourceTree = "<group>"; };
		E09EACE32062C1AD008A6B01 /* CDExerciseDAO.swift */ = {isa = PBXFileReference; fileEncoding = 4; lastKnownFileType = sourcecode.swift; path = CDExerciseDAO.swift; sourceTree = "<group>"; };
		E09EACE52062C449008A6B01 /* AppointmentDAO.swift */ = {isa = PBXFileReference; fileEncoding = 4; lastKnownFileType = sourcecode.swift; path = AppointmentDAO.swift; sourceTree = "<group>"; };
		E09EACE72062C57A008A6B01 /* CDAppointmentDAO.swift */ = {isa = PBXFileReference; fileEncoding = 4; lastKnownFileType = sourcecode.swift; path = CDAppointmentDAO.swift; sourceTree = "<group>"; };
		E0A6AC9620629C8900CC45E0 /* PractitionerViewController.swift */ = {isa = PBXFileReference; fileEncoding = 4; lastKnownFileType = sourcecode.swift; path = PractitionerViewController.swift; sourceTree = "<group>"; };
		E0B02CB7205920B500841B32 /* TreatmentTableViewCell.swift */ = {isa = PBXFileReference; fileEncoding = 4; lastKnownFileType = sourcecode.swift; path = TreatmentTableViewCell.swift; sourceTree = "<group>"; };
		E0B0F1F52063F4A100A22BC7 /* TodoTodayTableViewCell.swift */ = {isa = PBXFileReference; fileEncoding = 4; lastKnownFileType = sourcecode.swift; path = TodoTodayTableViewCell.swift; sourceTree = "<group>"; };
		E0B0F1F72063F4DE00A22BC7 /* TodoLaterTableViewCell.swift */ = {isa = PBXFileReference; fileEncoding = 4; lastKnownFileType = sourcecode.swift; path = TodoLaterTableViewCell.swift; sourceTree = "<group>"; };
		E0B0F1F92063F53100A22BC7 /* TodoTodayTableViewController.swift */ = {isa = PBXFileReference; fileEncoding = 4; lastKnownFileType = sourcecode.swift; path = TodoTodayTableViewController.swift; sourceTree = "<group>"; };
		E0B0F1FB2063F56700A22BC7 /* TodoLaterTableViewController.swift */ = {isa = PBXFileReference; fileEncoding = 4; lastKnownFileType = sourcecode.swift; path = TodoLaterTableViewController.swift; sourceTree = "<group>"; };
		E0D819EF206A3C9F00C70AEF /* AddTreatmentViewController.swift */ = {isa = PBXFileReference; fileEncoding = 4; lastKnownFileType = sourcecode.swift; path = AddTreatmentViewController.swift; sourceTree = "<group>"; };
		E0D99C0B2061203200CF2508 /* AddPractitionerViewController.swift */ = {isa = PBXFileReference; fileEncoding = 4; lastKnownFileType = sourcecode.swift; path = AddPractitionerViewController.swift; sourceTree = "<group>"; };
		E0FCAE8C203EF9A300F04470 /* MonPkEtMoi.app */ = {isa = PBXFileReference; explicitFileType = wrapper.application; includeInIndex = 0; path = MonPkEtMoi.app; sourceTree = BUILT_PRODUCTS_DIR; };
		E0FCAE8F203EF9A300F04470 /* AppDelegate.swift */ = {isa = PBXFileReference; lastKnownFileType = sourcecode.swift; path = AppDelegate.swift; sourceTree = "<group>"; };
		E0FCAE94203EF9A300F04470 /* Base */ = {isa = PBXFileReference; lastKnownFileType = file.storyboard; name = Base; path = Base.lproj/Main.storyboard; sourceTree = "<group>"; };
		E0FCAE97203EF9A300F04470 /* MonPkEtMoi.xcdatamodel */ = {isa = PBXFileReference; lastKnownFileType = wrapper.xcdatamodel; path = MonPkEtMoi.xcdatamodel; sourceTree = "<group>"; };
		E0FCAE99203EF9A300F04470 /* Assets.xcassets */ = {isa = PBXFileReference; lastKnownFileType = folder.assetcatalog; path = Assets.xcassets; sourceTree = "<group>"; };
		E0FCAE9C203EF9A300F04470 /* Base */ = {isa = PBXFileReference; lastKnownFileType = file.storyboard; name = Base; path = Base.lproj/LaunchScreen.storyboard; sourceTree = "<group>"; };
		E0FCAE9E203EF9A300F04470 /* Info.plist */ = {isa = PBXFileReference; lastKnownFileType = text.plist.xml; path = Info.plist; sourceTree = "<group>"; };
		E0FCAEA3203EF9A300F04470 /* MonPkEtMoiTests.xctest */ = {isa = PBXFileReference; explicitFileType = wrapper.cfbundle; includeInIndex = 0; path = MonPkEtMoiTests.xctest; sourceTree = BUILT_PRODUCTS_DIR; };
		E0FCAEA7203EF9A300F04470 /* MonPkEtMoiTests.swift */ = {isa = PBXFileReference; lastKnownFileType = sourcecode.swift; path = MonPkEtMoiTests.swift; sourceTree = "<group>"; };
		E0FCAEA9203EF9A300F04470 /* Info.plist */ = {isa = PBXFileReference; lastKnownFileType = text.plist.xml; path = Info.plist; sourceTree = "<group>"; };
		E0FCAEAE203EF9A300F04470 /* MonPkEtMoiUITests.xctest */ = {isa = PBXFileReference; explicitFileType = wrapper.cfbundle; includeInIndex = 0; path = MonPkEtMoiUITests.xctest; sourceTree = BUILT_PRODUCTS_DIR; };
		E0FCAEB2203EF9A300F04470 /* MonPkEtMoiUITests.swift */ = {isa = PBXFileReference; lastKnownFileType = sourcecode.swift; path = MonPkEtMoiUITests.swift; sourceTree = "<group>"; };
		E0FCAEB4203EF9A300F04470 /* Info.plist */ = {isa = PBXFileReference; lastKnownFileType = text.plist.xml; path = Info.plist; sourceTree = "<group>"; };
		E0FCAEC2203F291600F04470 /* TreatmentViewController.swift */ = {isa = PBXFileReference; fileEncoding = 4; lastKnownFileType = sourcecode.swift; path = TreatmentViewController.swift; sourceTree = "<group>"; };
		F3093CAD206457350010ED39 /* GraphicalCharter.swift */ = {isa = PBXFileReference; fileEncoding = 4; lastKnownFileType = sourcecode.swift; path = GraphicalCharter.swift; sourceTree = "<group>"; };
		F3093CAF2065AAFF0010ED39 /* TreatmentDAO.swift */ = {isa = PBXFileReference; fileEncoding = 4; lastKnownFileType = sourcecode.swift; path = TreatmentDAO.swift; sourceTree = "<group>"; };
		F3093CB12065AB860010ED39 /* CDTreatmentDAO.swift */ = {isa = PBXFileReference; fileEncoding = 4; lastKnownFileType = sourcecode.swift; path = CDTreatmentDAO.swift; sourceTree = "<group>"; };
		F3093CB32065ADE20010ED39 /* DateHelper.swift */ = {isa = PBXFileReference; fileEncoding = 4; lastKnownFileType = sourcecode.swift; path = DateHelper.swift; sourceTree = "<group>"; };
		F3F07C5A205D3CBA0089DC4D /* CDPatientDAO.swift */ = {isa = PBXFileReference; fileEncoding = 4; lastKnownFileType = sourcecode.swift; path = CDPatientDAO.swift; sourceTree = "<group>"; };
/* End PBXFileReference section */

/* Begin PBXFrameworksBuildPhase section */
		E0FCAE89203EF9A300F04470 /* Frameworks */ = {
			isa = PBXFrameworksBuildPhase;
			buildActionMask = 2147483647;
			files = (
			);
			runOnlyForDeploymentPostprocessing = 0;
		};
		E0FCAEA0203EF9A300F04470 /* Frameworks */ = {
			isa = PBXFrameworksBuildPhase;
			buildActionMask = 2147483647;
			files = (
			);
			runOnlyForDeploymentPostprocessing = 0;
		};
		E0FCAEAB203EF9A300F04470 /* Frameworks */ = {
			isa = PBXFrameworksBuildPhase;
			buildActionMask = 2147483647;
			files = (
			);
			runOnlyForDeploymentPostprocessing = 0;
		};
/* End PBXFrameworksBuildPhase section */

/* Begin PBXGroup section */
		15723EF12058368800866455 /* Registration */ = {
			isa = PBXGroup;
			children = (
				15723EEC2058330F00866455 /* RegistrationViewController.swift */,
			);
			name = Registration;
			sourceTree = "<group>";
		};
		15723EF620583BF900866455 /* Agenda */ = {
			isa = PBXGroup;
			children = (
				15723EF420583BDC00866455 /* AgendaViewController.swift */,
				E096031C206027B900E4F5C4 /* AddMeetingController.swift */,
				E0B0F1F92063F53100A22BC7 /* TodoTodayTableViewController.swift */,
				E0B0F1FB2063F56700A22BC7 /* TodoLaterTableViewController.swift */,
				E0B0F1F52063F4A100A22BC7 /* TodoTodayTableViewCell.swift */,
				E0B0F1F72063F4DE00A22BC7 /* TodoLaterTableViewCell.swift */,
			);
			name = Agenda;
			sourceTree = "<group>";
		};
		75ACAF0A206EE01500E613FF /* Notification */ = {
			isa = PBXGroup;
			children = (
				75ACAF08206EDFF300E613FF /* Notification.swift */,
				75ACAF06206EBA9F00E613FF /* TreatmentNotification.swift */,
			);
			name = Notification;
			sourceTree = "<group>";
		};
		BC7B2640205E991E009BFE67 /* Profile */ = {
			isa = PBXGroup;
			children = (
				BC7B263D205E990E009BFE67 /* ProfileViewController.swift */,
			);
			name = Profile;
			sourceTree = "<group>";
		};
		E0160424206108FA00E6EB08 /* Factories */ = {
			isa = PBXGroup;
			children = (
				E0160422206108E600E6EB08 /* AbstractDAOFactory.swift */,
				E0160425206109A300E6EB08 /* CoreDataDAOFactory.swift */,
			);
			name = Factories;
			sourceTree = "<group>";
		};
		E03D39CB2059541100C33AF8 /* Exercise */ = {
			isa = PBXGroup;
			children = (
				E03D39C82059540300C33AF8 /* ExerciseViewController.swift */,
				E032EE9B2064EF3200BDB87E /* AddProgramController.swift */,
				E032EE992064EF2700BDB87E /* AddExerciseDoneController.swift */,
				E02535DB2064F32C00A480EF /* ExerciseDoneTableViewController.swift */,
				E02535D92064F32200A480EF /* ProgramTableViewController.swift */,
				E02535DF2064F34600A480EF /* ExerciseDoneTableViewCell.swift */,
				E02535DD2064F33700A480EF /* ProgramTableViewCell.swift */,
			);
			name = Exercise;
			sourceTree = "<group>";
		};
		E09603202060407B00E4F5C4 /* CoreDataDAO */ = {
			isa = PBXGroup;
			children = (
				E016042B2061101300E6EB08 /* CDDAO.swift */,
				E09EACE72062C57A008A6B01 /* CDAppointmentDAO.swift */,
				E09EACE32062C1AD008A6B01 /* CDExerciseDAO.swift */,
				F3F07C5A205D3CBA0089DC4D /* CDPatientDAO.swift */,
				E016042720610A0100E6EB08 /* CDPractitionerDAO.swift */,
				E08151FB206117F200A98DF6 /* CDSpecialismDAO.swift */,
				F3093CB12065AB860010ED39 /* CDTreatmentDAO.swift */,
			);
			name = CoreDataDAO;
			sourceTree = "<group>";
		};
		E09603232060441800E4F5C4 /* Helpers */ = {
			isa = PBXGroup;
			children = (
				E09603212060441500E4F5C4 /* AlertHelper.swift */,
				F3093CB32065ADE20010ED39 /* DateHelper.swift */,
				F3093CAD206457350010ED39 /* GraphicalCharter.swift */,
			);
			name = Helpers;
			sourceTree = "<group>";
		};
		E0D99C0D2061203700CF2508 /* Practitioner */ = {
			isa = PBXGroup;
			children = (
				E0D99C0B2061203200CF2508 /* AddPractitionerViewController.swift */,
				E0A6AC9620629C8900CC45E0 /* PractitionerViewController.swift */,
				847C756A2062A3F100038449 /* PractitionerTableViewCell.swift */,
				847C756C2062A40C00038449 /* PractitionerTableViewController.swift */,
			);
			name = Practitioner;
			sourceTree = "<group>";
		};
		E0FCAE83203EF9A300F04470 = {
			isa = PBXGroup;
			children = (
				E0FCAE8E203EF9A300F04470 /* MonPkEtMoi */,
				E0FCAEA6203EF9A300F04470 /* MonPkEtMoiTests */,
				E0FCAEB1203EF9A300F04470 /* MonPkEtMoiUITests */,
				E0FCAE8D203EF9A300F04470 /* Products */,
			);
			sourceTree = "<group>";
		};
		E0FCAE8D203EF9A300F04470 /* Products */ = {
			isa = PBXGroup;
			children = (
				E0FCAE8C203EF9A300F04470 /* MonPkEtMoi.app */,
				E0FCAEA3203EF9A300F04470 /* MonPkEtMoiTests.xctest */,
				E0FCAEAE203EF9A300F04470 /* MonPkEtMoiUITests.xctest */,
			);
			name = Products;
			sourceTree = "<group>";
		};
		E0FCAE8E203EF9A300F04470 /* MonPkEtMoi */ = {
			isa = PBXGroup;
			children = (
				15723EF620583BF900866455 /* Agenda */,
				E03D39CB2059541100C33AF8 /* Exercise */,
				E0D99C0D2061203700CF2508 /* Practitioner */,
				BC7B2640205E991E009BFE67 /* Profile */,
				15723EF12058368800866455 /* Registration */,
				E0FCAEC4203F292200F04470 /* Treatment */,
				E0FCAE8F203EF9A300F04470 /* AppDelegate.swift */,
				E0FCAE93203EF9A300F04470 /* Main.storyboard */,
				E0FCAE99203EF9A300F04470 /* Assets.xcassets */,
				E0FCAE9B203EF9A300F04470 /* LaunchScreen.storyboard */,
				E0FCAE9E203EF9A300F04470 /* Info.plist */,
				E0FCAE96203EF9A300F04470 /* MonPkEtMoi.xcdatamodeld */,
				F3F07C55205D2DA60089DC4D /* Data */,
				E09603232060441800E4F5C4 /* Helpers */,
				75ACAF0A206EE01500E613FF /* Notification */,
			);
			path = MonPkEtMoi;
			sourceTree = "<group>";
		};
		E0FCAEA6203EF9A300F04470 /* MonPkEtMoiTests */ = {
			isa = PBXGroup;
			children = (
				E0FCAEA7203EF9A300F04470 /* MonPkEtMoiTests.swift */,
				E0FCAEA9203EF9A300F04470 /* Info.plist */,
			);
			path = MonPkEtMoiTests;
			sourceTree = SOURCE_ROOT;
		};
		E0FCAEB1203EF9A300F04470 /* MonPkEtMoiUITests */ = {
			isa = PBXGroup;
			children = (
				E0FCAEB2203EF9A300F04470 /* MonPkEtMoiUITests.swift */,
				E0FCAEB4203EF9A300F04470 /* Info.plist */,
			);
			path = MonPkEtMoiUITests;
			sourceTree = "<group>";
		};
		E0FCAEC4203F292200F04470 /* Treatment */ = {
			isa = PBXGroup;
			children = (
				E0D819EF206A3C9F00C70AEF /* AddTreatmentViewController.swift */,
				E0FCAEC2203F291600F04470 /* TreatmentViewController.swift */,
				E0B02CB7205920B500841B32 /* TreatmentTableViewCell.swift */,
				15FE14642062C3C90094785B /* TreatmentTableViewController.swift */,
			);
			name = Treatment;
			sourceTree = "<group>";
		};
		F3F07C55205D2DA60089DC4D /* Data */ = {
			isa = PBXGroup;
			children = (
				E09603202060407B00E4F5C4 /* CoreDataDAO */,
				E0160424206108FA00E6EB08 /* Factories */,
				E0788762205BC4B100F9E499 /* CoreDateConnection.swift */,
				E01604202061050900E6EB08 /* DAO.swift */,
				E09EACE52062C449008A6B01 /* AppointmentDAO.swift */,
				E09EACE12062C139008A6B01 /* ExerciseDAO.swift */,
				E096031E20603FDE00E4F5C4 /* PatientDAO.swift */,
				E016041E206104E100E6EB08 /* PractitionerDAO.swift */,
				E08151F92061178000A98DF6 /* SpecialismDAO.swift */,
				F3093CAF2065AAFF0010ED39 /* TreatmentDAO.swift */,
				E08151FD20611AB300A98DF6 /* Seeder.swift */,
			);
			name = Data;
			sourceTree = "<group>";
		};
/* End PBXGroup section */

/* Begin PBXNativeTarget section */
		E0FCAE8B203EF9A300F04470 /* MonPkEtMoi */ = {
			isa = PBXNativeTarget;
			buildConfigurationList = E0FCAEB7203EF9A300F04470 /* Build configuration list for PBXNativeTarget "MonPkEtMoi" */;
			buildPhases = (
				E0FCAE88203EF9A300F04470 /* Sources */,
				E0FCAE89203EF9A300F04470 /* Frameworks */,
				E0FCAE8A203EF9A300F04470 /* Resources */,
			);
			buildRules = (
			);
			dependencies = (
			);
			name = MonPkEtMoi;
			productName = MonPkEtMoi;
			productReference = E0FCAE8C203EF9A300F04470 /* MonPkEtMoi.app */;
			productType = "com.apple.product-type.application";
		};
		E0FCAEA2203EF9A300F04470 /* MonPkEtMoiTests */ = {
			isa = PBXNativeTarget;
			buildConfigurationList = E0FCAEBA203EF9A300F04470 /* Build configuration list for PBXNativeTarget "MonPkEtMoiTests" */;
			buildPhases = (
				E0FCAE9F203EF9A300F04470 /* Sources */,
				E0FCAEA0203EF9A300F04470 /* Frameworks */,
				E0FCAEA1203EF9A300F04470 /* Resources */,
			);
			buildRules = (
			);
			dependencies = (
				E0FCAEA5203EF9A300F04470 /* PBXTargetDependency */,
			);
			name = MonPkEtMoiTests;
			productName = MonPkEtMoiTests;
			productReference = E0FCAEA3203EF9A300F04470 /* MonPkEtMoiTests.xctest */;
			productType = "com.apple.product-type.bundle.unit-test";
		};
		E0FCAEAD203EF9A300F04470 /* MonPkEtMoiUITests */ = {
			isa = PBXNativeTarget;
			buildConfigurationList = E0FCAEBD203EF9A300F04470 /* Build configuration list for PBXNativeTarget "MonPkEtMoiUITests" */;
			buildPhases = (
				E0FCAEAA203EF9A300F04470 /* Sources */,
				E0FCAEAB203EF9A300F04470 /* Frameworks */,
				E0FCAEAC203EF9A300F04470 /* Resources */,
			);
			buildRules = (
			);
			dependencies = (
				E0FCAEB0203EF9A300F04470 /* PBXTargetDependency */,
			);
			name = MonPkEtMoiUITests;
			productName = MonPkEtMoiUITests;
			productReference = E0FCAEAE203EF9A300F04470 /* MonPkEtMoiUITests.xctest */;
			productType = "com.apple.product-type.bundle.ui-testing";
		};
/* End PBXNativeTarget section */

/* Begin PBXProject section */
		E0FCAE84203EF9A300F04470 /* Project object */ = {
			isa = PBXProject;
			attributes = {
				KnownAssetTags = (
					test,
				);
				LastSwiftUpdateCheck = 0830;
				LastUpgradeCheck = 0830;
				ORGANIZATIONNAME = "Roig-Dye";
				TargetAttributes = {
					E0FCAE8B203EF9A300F04470 = {
						CreatedOnToolsVersion = 8.3.3;
						LastSwiftMigration = 0830;
						ProvisioningStyle = Automatic;
					};
					E0FCAEA2203EF9A300F04470 = {
						CreatedOnToolsVersion = 8.3.3;
						ProvisioningStyle = Automatic;
						TestTargetID = E0FCAE8B203EF9A300F04470;
					};
					E0FCAEAD203EF9A300F04470 = {
						CreatedOnToolsVersion = 8.3.3;
						ProvisioningStyle = Automatic;
						TestTargetID = E0FCAE8B203EF9A300F04470;
					};
				};
			};
			buildConfigurationList = E0FCAE87203EF9A300F04470 /* Build configuration list for PBXProject "MonPkEtMoi" */;
			compatibilityVersion = "Xcode 3.2";
			developmentRegion = English;
			hasScannedForEncodings = 0;
			knownRegions = (
				en,
				Base,
			);
			mainGroup = E0FCAE83203EF9A300F04470;
			productRefGroup = E0FCAE8D203EF9A300F04470 /* Products */;
			projectDirPath = "";
			projectRoot = "";
			targets = (
				E0FCAE8B203EF9A300F04470 /* MonPkEtMoi */,
				E0FCAEA2203EF9A300F04470 /* MonPkEtMoiTests */,
				E0FCAEAD203EF9A300F04470 /* MonPkEtMoiUITests */,
			);
		};
/* End PBXProject section */

/* Begin PBXResourcesBuildPhase section */
		E0FCAE8A203EF9A300F04470 /* Resources */ = {
			isa = PBXResourcesBuildPhase;
			buildActionMask = 2147483647;
			files = (
				E0FCAE9D203EF9A300F04470 /* LaunchScreen.storyboard in Resources */,
				E0FCAE9A203EF9A300F04470 /* Assets.xcassets in Resources */,
				E0FCAE95203EF9A300F04470 /* Main.storyboard in Resources */,
			);
			runOnlyForDeploymentPostprocessing = 0;
		};
		E0FCAEA1203EF9A300F04470 /* Resources */ = {
			isa = PBXResourcesBuildPhase;
			buildActionMask = 2147483647;
			files = (
			);
			runOnlyForDeploymentPostprocessing = 0;
		};
		E0FCAEAC203EF9A300F04470 /* Resources */ = {
			isa = PBXResourcesBuildPhase;
			buildActionMask = 2147483647;
			files = (
			);
			runOnlyForDeploymentPostprocessing = 0;
		};
/* End PBXResourcesBuildPhase section */

/* Begin PBXSourcesBuildPhase section */
		E0FCAE88203EF9A300F04470 /* Sources */ = {
			isa = PBXSourcesBuildPhase;
			buildActionMask = 2147483647;
			files = (
				E01604212061050900E6EB08 /* DAO.swift in Sources */,
				E02535DC2064F32C00A480EF /* ExerciseDoneTableViewController.swift in Sources */,
				E0B0F1FA2063F53100A22BC7 /* TodoTodayTableViewController.swift in Sources */,
				E09603222060441500E4F5C4 /* AlertHelper.swift in Sources */,
				E0160423206108E600E6EB08 /* AbstractDAOFactory.swift in Sources */,
				E0B0F1F62063F4A100A22BC7 /* TodoTodayTableViewCell.swift in Sources */,
				15723EED2058330F00866455 /* RegistrationViewController.swift in Sources */,
				E0160426206109A300E6EB08 /* CoreDataDAOFactory.swift in Sources */,
				E03D39C92059540300C33AF8 /* ExerciseViewController.swift in Sources */,
				E09EACE82062C57A008A6B01 /* CDAppointmentDAO.swift in Sources */,
				847C756B2062A3F100038449 /* PractitionerTableViewCell.swift in Sources */,
				E096031D206027B900E4F5C4 /* AddMeetingController.swift in Sources */,
				F3093CAE206457350010ED39 /* GraphicalCharter.swift in Sources */,
				E0B0F1F82063F4DE00A22BC7 /* TodoLaterTableViewCell.swift in Sources */,
				E096031F20603FDE00E4F5C4 /* PatientDAO.swift in Sources */,
				E09EACE42062C1AD008A6B01 /* CDExerciseDAO.swift in Sources */,
				E0FCAE90203EF9A300F04470 /* AppDelegate.swift in Sources */,
				E0D99C0C2061203200CF2508 /* AddPractitionerViewController.swift in Sources */,
				E0B02CB8205920B500841B32 /* TreatmentTableViewCell.swift in Sources */,
				F3F07C5B205D3CBA0089DC4D /* CDPatientDAO.swift in Sources */,
				75ACAF09206EDFF300E613FF /* Notification.swift in Sources */,
				F3093CB42065ADE20010ED39 /* DateHelper.swift in Sources */,
				F3093CB02065AAFF0010ED39 /* TreatmentDAO.swift in Sources */,
				E02535E02064F34600A480EF /* ExerciseDoneTableViewCell.swift in Sources */,
				E08151FC206117F200A98DF6 /* CDSpecialismDAO.swift in Sources */,
				E0FCAE98203EF9A300F04470 /* MonPkEtMoi.xcdatamodeld in Sources */,
				E08151FA2061178000A98DF6 /* SpecialismDAO.swift in Sources */,
				E032EE9C2064EF3200BDB87E /* AddProgramController.swift in Sources */,
				75ACAF07206EBAA000E613FF /* TreatmentNotification.swift in Sources */,
				847C756D2062A40C00038449 /* PractitionerTableViewController.swift in Sources */,
				E02535DE2064F33700A480EF /* ProgramTableViewCell.swift in Sources */,
				E09EACE62062C449008A6B01 /* AppointmentDAO.swift in Sources */,
				E0A6AC9720629C8900CC45E0 /* PractitionerViewController.swift in Sources */,
				E0788763205BC4B100F9E499 /* CoreDateConnection.swift in Sources */,
				E02535DA2064F32200A480EF /* ProgramTableViewController.swift in Sources */,
				E016042820610A0100E6EB08 /* CDPractitionerDAO.swift in Sources */,
				E08151FE20611AB300A98DF6 /* Seeder.swift in Sources */,
				E0B0F1FC2063F56700A22BC7 /* TodoLaterTableViewController.swift in Sources */,
				F3093CB22065AB860010ED39 /* CDTreatmentDAO.swift in Sources */,
				E09EACE22062C139008A6B01 /* ExerciseDAO.swift in Sources */,
				E0D819F0206A3C9F00C70AEF /* AddTreatmentViewController.swift in Sources */,
				E032EE9A2064EF2700BDB87E /* AddExerciseDoneController.swift in Sources */,
				E016042C2061101300E6EB08 /* CDDAO.swift in Sources */,
				BC7B263E205E990E009BFE67 /* ProfileViewController.swift in Sources */,
				E016041F206104E100E6EB08 /* PractitionerDAO.swift in Sources */,
				15723EF520583BDC00866455 /* AgendaViewController.swift in Sources */,
				E0FCAEC3203F291600F04470 /* TreatmentViewController.swift in Sources */,
				15FE14652062C3C90094785B /* TreatmentTableViewController.swift in Sources */,
			);
			runOnlyForDeploymentPostprocessing = 0;
		};
		E0FCAE9F203EF9A300F04470 /* Sources */ = {
			isa = PBXSourcesBuildPhase;
			buildActionMask = 2147483647;
			files = (
				E0FCAEA8203EF9A300F04470 /* MonPkEtMoiTests.swift in Sources */,
			);
			runOnlyForDeploymentPostprocessing = 0;
		};
		E0FCAEAA203EF9A300F04470 /* Sources */ = {
			isa = PBXSourcesBuildPhase;
			buildActionMask = 2147483647;
			files = (
				E0FCAEB3203EF9A300F04470 /* MonPkEtMoiUITests.swift in Sources */,
			);
			runOnlyForDeploymentPostprocessing = 0;
		};
/* End PBXSourcesBuildPhase section */

/* Begin PBXTargetDependency section */
		E0FCAEA5203EF9A300F04470 /* PBXTargetDependency */ = {
			isa = PBXTargetDependency;
			target = E0FCAE8B203EF9A300F04470 /* MonPkEtMoi */;
			targetProxy = E0FCAEA4203EF9A300F04470 /* PBXContainerItemProxy */;
		};
		E0FCAEB0203EF9A300F04470 /* PBXTargetDependency */ = {
			isa = PBXTargetDependency;
			target = E0FCAE8B203EF9A300F04470 /* MonPkEtMoi */;
			targetProxy = E0FCAEAF203EF9A300F04470 /* PBXContainerItemProxy */;
		};
/* End PBXTargetDependency section */

/* Begin PBXVariantGroup section */
		E0FCAE93203EF9A300F04470 /* Main.storyboard */ = {
			isa = PBXVariantGroup;
			children = (
				E0FCAE94203EF9A300F04470 /* Base */,
			);
			name = Main.storyboard;
			sourceTree = "<group>";
		};
		E0FCAE9B203EF9A300F04470 /* LaunchScreen.storyboard */ = {
			isa = PBXVariantGroup;
			children = (
				E0FCAE9C203EF9A300F04470 /* Base */,
			);
			name = LaunchScreen.storyboard;
			sourceTree = "<group>";
		};
/* End PBXVariantGroup section */

/* Begin XCBuildConfiguration section */
		E0FCAEB5203EF9A300F04470 /* Debug */ = {
			isa = XCBuildConfiguration;
			buildSettings = {
				ALWAYS_SEARCH_USER_PATHS = NO;
				CLANG_ANALYZER_NONNULL = YES;
				CLANG_ANALYZER_NUMBER_OBJECT_CONVERSION = YES_AGGRESSIVE;
				CLANG_CXX_LANGUAGE_STANDARD = "gnu++0x";
				CLANG_CXX_LIBRARY = "libc++";
				CLANG_ENABLE_MODULES = YES;
				CLANG_ENABLE_OBJC_ARC = YES;
				CLANG_WARN_BOOL_CONVERSION = YES;
				CLANG_WARN_CONSTANT_CONVERSION = YES;
				CLANG_WARN_DIRECT_OBJC_ISA_USAGE = YES_ERROR;
				CLANG_WARN_DOCUMENTATION_COMMENTS = YES;
				CLANG_WARN_EMPTY_BODY = YES;
				CLANG_WARN_ENUM_CONVERSION = YES;
				CLANG_WARN_INFINITE_RECURSION = YES;
				CLANG_WARN_INT_CONVERSION = YES;
				CLANG_WARN_OBJC_ROOT_CLASS = YES_ERROR;
				CLANG_WARN_SUSPICIOUS_MOVE = YES;
				CLANG_WARN_UNREACHABLE_CODE = YES;
				CLANG_WARN__DUPLICATE_METHOD_MATCH = YES;
				"CODE_SIGN_IDENTITY[sdk=iphoneos*]" = "iPhone Developer";
				COPY_PHASE_STRIP = NO;
				DEBUG_INFORMATION_FORMAT = dwarf;
				ENABLE_STRICT_OBJC_MSGSEND = YES;
				ENABLE_TESTABILITY = YES;
				GCC_C_LANGUAGE_STANDARD = gnu99;
				GCC_DYNAMIC_NO_PIC = NO;
				GCC_NO_COMMON_BLOCKS = YES;
				GCC_OPTIMIZATION_LEVEL = 0;
				GCC_PREPROCESSOR_DEFINITIONS = (
					"DEBUG=1",
					"$(inherited)",
				);
				GCC_WARN_64_TO_32_BIT_CONVERSION = YES;
				GCC_WARN_ABOUT_RETURN_TYPE = YES_ERROR;
				GCC_WARN_UNDECLARED_SELECTOR = YES;
				GCC_WARN_UNINITIALIZED_AUTOS = YES_AGGRESSIVE;
				GCC_WARN_UNUSED_FUNCTION = YES;
				GCC_WARN_UNUSED_VARIABLE = YES;
				IPHONEOS_DEPLOYMENT_TARGET = 10.3;
				MTL_ENABLE_DEBUG_INFO = YES;
				ONLY_ACTIVE_ARCH = YES;
				SDKROOT = iphoneos;
				SWIFT_ACTIVE_COMPILATION_CONDITIONS = DEBUG;
				SWIFT_OPTIMIZATION_LEVEL = "-Onone";
				TARGETED_DEVICE_FAMILY = "1,2";
			};
			name = Debug;
		};
		E0FCAEB6203EF9A300F04470 /* Release */ = {
			isa = XCBuildConfiguration;
			buildSettings = {
				ALWAYS_SEARCH_USER_PATHS = NO;
				CLANG_ANALYZER_NONNULL = YES;
				CLANG_ANALYZER_NUMBER_OBJECT_CONVERSION = YES_AGGRESSIVE;
				CLANG_CXX_LANGUAGE_STANDARD = "gnu++0x";
				CLANG_CXX_LIBRARY = "libc++";
				CLANG_ENABLE_MODULES = YES;
				CLANG_ENABLE_OBJC_ARC = YES;
				CLANG_WARN_BOOL_CONVERSION = YES;
				CLANG_WARN_CONSTANT_CONVERSION = YES;
				CLANG_WARN_DIRECT_OBJC_ISA_USAGE = YES_ERROR;
				CLANG_WARN_DOCUMENTATION_COMMENTS = YES;
				CLANG_WARN_EMPTY_BODY = YES;
				CLANG_WARN_ENUM_CONVERSION = YES;
				CLANG_WARN_INFINITE_RECURSION = YES;
				CLANG_WARN_INT_CONVERSION = YES;
				CLANG_WARN_OBJC_ROOT_CLASS = YES_ERROR;
				CLANG_WARN_SUSPICIOUS_MOVE = YES;
				CLANG_WARN_UNREACHABLE_CODE = YES;
				CLANG_WARN__DUPLICATE_METHOD_MATCH = YES;
				"CODE_SIGN_IDENTITY[sdk=iphoneos*]" = "iPhone Developer";
				COPY_PHASE_STRIP = NO;
				DEBUG_INFORMATION_FORMAT = "dwarf-with-dsym";
				ENABLE_NS_ASSERTIONS = NO;
				ENABLE_STRICT_OBJC_MSGSEND = YES;
				GCC_C_LANGUAGE_STANDARD = gnu99;
				GCC_NO_COMMON_BLOCKS = YES;
				GCC_WARN_64_TO_32_BIT_CONVERSION = YES;
				GCC_WARN_ABOUT_RETURN_TYPE = YES_ERROR;
				GCC_WARN_UNDECLARED_SELECTOR = YES;
				GCC_WARN_UNINITIALIZED_AUTOS = YES_AGGRESSIVE;
				GCC_WARN_UNUSED_FUNCTION = YES;
				GCC_WARN_UNUSED_VARIABLE = YES;
				IPHONEOS_DEPLOYMENT_TARGET = 10.3;
				MTL_ENABLE_DEBUG_INFO = NO;
				SDKROOT = iphoneos;
				SWIFT_OPTIMIZATION_LEVEL = "-Owholemodule";
				TARGETED_DEVICE_FAMILY = "1,2";
				VALIDATE_PRODUCT = YES;
			};
			name = Release;
		};
		E0FCAEB8203EF9A300F04470 /* Debug */ = {
			isa = XCBuildConfiguration;
			buildSettings = {
				ASSETCATALOG_COMPILER_APPICON_NAME = AppIcon;
				CLANG_ENABLE_MODULES = YES;
				"CODE_SIGN_IDENTITY[sdk=iphoneos*]" = "iPhone Developer";
				DEVELOPMENT_TEAM = "";
				INFOPLIST_FILE = MonPkEtMoi/Info.plist;
				LD_RUNPATH_SEARCH_PATHS = "$(inherited) @executable_path/Frameworks";
				PRODUCT_BUNDLE_IDENTIFIER = Polytech.MonPkEtMoi;
				PRODUCT_NAME = "$(TARGET_NAME)";
				PROVISIONING_PROFILE_SPECIFIER = "";
				SWIFT_OPTIMIZATION_LEVEL = "-Onone";
				SWIFT_VERSION = 3.0;
			};
			name = Debug;
		};
		E0FCAEB9203EF9A300F04470 /* Release */ = {
			isa = XCBuildConfiguration;
			buildSettings = {
				ASSETCATALOG_COMPILER_APPICON_NAME = AppIcon;
				CLANG_ENABLE_MODULES = YES;
				"CODE_SIGN_IDENTITY[sdk=iphoneos*]" = "iPhone Developer";
				DEVELOPMENT_TEAM = "";
				INFOPLIST_FILE = MonPkEtMoi/Info.plist;
				LD_RUNPATH_SEARCH_PATHS = "$(inherited) @executable_path/Frameworks";
				PRODUCT_BUNDLE_IDENTIFIER = Polytech.MonPkEtMoi;
				PRODUCT_NAME = "$(TARGET_NAME)";
				PROVISIONING_PROFILE_SPECIFIER = "";
				SWIFT_VERSION = 3.0;
			};
			name = Release;
		};
		E0FCAEBB203EF9A300F04470 /* Debug */ = {
			isa = XCBuildConfiguration;
			buildSettings = {
				ALWAYS_EMBED_SWIFT_STANDARD_LIBRARIES = YES;
				BUNDLE_LOADER = "$(TEST_HOST)";
				INFOPLIST_FILE = MonPkEtMoiTests/Info.plist;
				LD_RUNPATH_SEARCH_PATHS = "$(inherited) @executable_path/Frameworks @loader_path/Frameworks";
				PRODUCT_BUNDLE_IDENTIFIER = Polytech.MonPkEtMoiTests;
				PRODUCT_NAME = "$(TARGET_NAME)";
				SWIFT_VERSION = 3.0;
				TEST_HOST = "$(BUILT_PRODUCTS_DIR)/MonPkEtMoi.app/MonPkEtMoi";
			};
			name = Debug;
		};
		E0FCAEBC203EF9A300F04470 /* Release */ = {
			isa = XCBuildConfiguration;
			buildSettings = {
				ALWAYS_EMBED_SWIFT_STANDARD_LIBRARIES = YES;
				BUNDLE_LOADER = "$(TEST_HOST)";
				INFOPLIST_FILE = MonPkEtMoiTests/Info.plist;
				LD_RUNPATH_SEARCH_PATHS = "$(inherited) @executable_path/Frameworks @loader_path/Frameworks";
				PRODUCT_BUNDLE_IDENTIFIER = Polytech.MonPkEtMoiTests;
				PRODUCT_NAME = "$(TARGET_NAME)";
				SWIFT_VERSION = 3.0;
				TEST_HOST = "$(BUILT_PRODUCTS_DIR)/MonPkEtMoi.app/MonPkEtMoi";
			};
			name = Release;
		};
		E0FCAEBE203EF9A300F04470 /* Debug */ = {
			isa = XCBuildConfiguration;
			buildSettings = {
				ALWAYS_EMBED_SWIFT_STANDARD_LIBRARIES = YES;
				INFOPLIST_FILE = MonPkEtMoiUITests/Info.plist;
				LD_RUNPATH_SEARCH_PATHS = "$(inherited) @executable_path/Frameworks @loader_path/Frameworks";
				PRODUCT_BUNDLE_IDENTIFIER = Polytech.MonPkEtMoiUITests;
				PRODUCT_NAME = "$(TARGET_NAME)";
				SWIFT_VERSION = 3.0;
				TEST_TARGET_NAME = MonPkEtMoi;
			};
			name = Debug;
		};
		E0FCAEBF203EF9A300F04470 /* Release */ = {
			isa = XCBuildConfiguration;
			buildSettings = {
				ALWAYS_EMBED_SWIFT_STANDARD_LIBRARIES = YES;
				INFOPLIST_FILE = MonPkEtMoiUITests/Info.plist;
				LD_RUNPATH_SEARCH_PATHS = "$(inherited) @executable_path/Frameworks @loader_path/Frameworks";
				PRODUCT_BUNDLE_IDENTIFIER = Polytech.MonPkEtMoiUITests;
				PRODUCT_NAME = "$(TARGET_NAME)";
				SWIFT_VERSION = 3.0;
				TEST_TARGET_NAME = MonPkEtMoi;
			};
			name = Release;
		};
/* End XCBuildConfiguration section */

/* Begin XCConfigurationList section */
		E0FCAE87203EF9A300F04470 /* Build configuration list for PBXProject "MonPkEtMoi" */ = {
			isa = XCConfigurationList;
			buildConfigurations = (
				E0FCAEB5203EF9A300F04470 /* Debug */,
				E0FCAEB6203EF9A300F04470 /* Release */,
			);
			defaultConfigurationIsVisible = 0;
			defaultConfigurationName = Release;
		};
		E0FCAEB7203EF9A300F04470 /* Build configuration list for PBXNativeTarget "MonPkEtMoi" */ = {
			isa = XCConfigurationList;
			buildConfigurations = (
				E0FCAEB8203EF9A300F04470 /* Debug */,
				E0FCAEB9203EF9A300F04470 /* Release */,
			);
			defaultConfigurationIsVisible = 0;
			defaultConfigurationName = Release;
		};
		E0FCAEBA203EF9A300F04470 /* Build configuration list for PBXNativeTarget "MonPkEtMoiTests" */ = {
			isa = XCConfigurationList;
			buildConfigurations = (
				E0FCAEBB203EF9A300F04470 /* Debug */,
				E0FCAEBC203EF9A300F04470 /* Release */,
			);
			defaultConfigurationIsVisible = 0;
			defaultConfigurationName = Release;
		};
		E0FCAEBD203EF9A300F04470 /* Build configuration list for PBXNativeTarget "MonPkEtMoiUITests" */ = {
			isa = XCConfigurationList;
			buildConfigurations = (
				E0FCAEBE203EF9A300F04470 /* Debug */,
				E0FCAEBF203EF9A300F04470 /* Release */,
			);
			defaultConfigurationIsVisible = 0;
			defaultConfigurationName = Release;
		};
/* End XCConfigurationList section */

/* Begin XCVersionGroup section */
		E0FCAE96203EF9A300F04470 /* MonPkEtMoi.xcdatamodeld */ = {
			isa = XCVersionGroup;
			children = (
				E0FCAE97203EF9A300F04470 /* MonPkEtMoi.xcdatamodel */,
			);
			currentVersion = E0FCAE97203EF9A300F04470 /* MonPkEtMoi.xcdatamodel */;
			path = MonPkEtMoi.xcdatamodeld;
			sourceTree = "<group>";
			versionGroupType = wrapper.xcdatamodel;
		};
/* End XCVersionGroup section */
	};
	rootObject = E0FCAE84203EF9A300F04470 /* Project object */;
}
